
Microsoft Visual Studio Solution File, Format Version 12.00
# Visual Studio Version 16
VisualStudioVersion = 25.0.1706.9
MinimumVisualStudioVersion = 10.0.40219.1
Project("{FAE04EC0-301F-11D3-BF4B-00C04F79EFBC}") = "QRMenuAPI", "QRMenuAPI\QRMenuAPI.csproj", "{6373AD8D-1652-4A41-B4DE-06F582656DFF}"
EndProject
Global
	GlobalSection(SolutionConfigurationPlatforms) = preSolution
		Debug|Any CPU = Debug|Any CPU
		Release|Any CPU = Release|Any CPU
	EndGlobalSection
	GlobalSection(ProjectConfigurationPlatforms) = postSolution
		{6373AD8D-1652-4A41-B4DE-06F582656DFF}.Debug|Any CPU.ActiveCfg = Debug|Any CPU
		{6373AD8D-1652-4A41-B4DE-06F582656DFF}.Debug|Any CPU.Build.0 = Debug|Any CPU
		{6373AD8D-1652-4A41-B4DE-06F582656DFF}.Release|Any CPU.ActiveCfg = Release|Any CPU
		{6373AD8D-1652-4A41-B4DE-06F582656DFF}.Release|Any CPU.Build.0 = Release|Any CPU
	EndGlobalSection
	GlobalSection(SolutionProperties) = preSolution
		HideSolutionNode = FALSE
	EndGlobalSection
	GlobalSection(ExtensibilityGlobals) = postSolution
		SolutionGuid = {7C530180-0A73-44F8-A2AE-255923EB2E7B}
	EndGlobalSection
EndGlobal
